// !$*UTF8*$!
{
	archiveVersion = 1;
	classes = {
	};
	objectVersion = 50;
	objects = {

/* Begin PBXBuildFile section */
		14782FFE264EEEF500DB7667 /* ScanExpressionController.swift in Sources */ = {isa = PBXBuildFile; fileRef = 14782FFD264EEEF500DB7667 /* ScanExpressionController.swift */; };
		14A58C7B2646A77500AD6CFB /* AppDelegate.swift in Sources */ = {isa = PBXBuildFile; fileRef = 14A58C7A2646A77500AD6CFB /* AppDelegate.swift */; };
		14A58C7D2646A77500AD6CFB /* SceneDelegate.swift in Sources */ = {isa = PBXBuildFile; fileRef = 14A58C7C2646A77500AD6CFB /* SceneDelegate.swift */; };
		14A58C7F2646A77500AD6CFB /* CalculatorController.swift in Sources */ = {isa = PBXBuildFile; fileRef = 14A58C7E2646A77500AD6CFB /* CalculatorController.swift */; };
		14A58C822646A77500AD6CFB /* Main.storyboard in Resources */ = {isa = PBXBuildFile; fileRef = 14A58C802646A77500AD6CFB /* Main.storyboard */; };
		14A58C852646A77500AD6CFB /* Calcula.xcdatamodeld in Sources */ = {isa = PBXBuildFile; fileRef = 14A58C832646A77500AD6CFB /* Calcula.xcdatamodeld */; };
		14A58C872646A77800AD6CFB /* Assets.xcassets in Resources */ = {isa = PBXBuildFile; fileRef = 14A58C862646A77800AD6CFB /* Assets.xcassets */; };
		14A58C8A2646A77800AD6CFB /* LaunchScreen.storyboard in Resources */ = {isa = PBXBuildFile; fileRef = 14A58C882646A77800AD6CFB /* LaunchScreen.storyboard */; };
		14A58C942646BBDA00AD6CFB /* CalculatorLogic.swift in Sources */ = {isa = PBXBuildFile; fileRef = 14A58C932646BBDA00AD6CFB /* CalculatorLogic.swift */; };
/* End PBXBuildFile section */

/* Begin PBXFileReference section */
		14782FFD264EEEF500DB7667 /* ScanExpressionController.swift */ = {isa = PBXFileReference; lastKnownFileType = sourcecode.swift; path = ScanExpressionController.swift; sourceTree = "<group>"; };
		14A58C772646A77500AD6CFB /* Calcula.app */ = {isa = PBXFileReference; explicitFileType = wrapper.application; includeInIndex = 0; path = Calcula.app; sourceTree = BUILT_PRODUCTS_DIR; };
		14A58C7A2646A77500AD6CFB /* AppDelegate.swift */ = {isa = PBXFileReference; lastKnownFileType = sourcecode.swift; path = AppDelegate.swift; sourceTree = "<group>"; };
		14A58C7C2646A77500AD6CFB /* SceneDelegate.swift */ = {isa = PBXFileReference; lastKnownFileType = sourcecode.swift; path = SceneDelegate.swift; sourceTree = "<group>"; };
		14A58C7E2646A77500AD6CFB /* CalculatorController.swift */ = {isa = PBXFileReference; lastKnownFileType = sourcecode.swift; path = CalculatorController.swift; sourceTree = "<group>"; };
		14A58C812646A77500AD6CFB /* Base */ = {isa = PBXFileReference; lastKnownFileType = file.storyboard; name = Base; path = Base.lproj/Main.storyboard; sourceTree = "<group>"; };
		14A58C842646A77500AD6CFB /* Calcula.xcdatamodel */ = {isa = PBXFileReference; lastKnownFileType = wrapper.xcdatamodel; path = Calcula.xcdatamodel; sourceTree = "<group>"; };
		14A58C862646A77800AD6CFB /* Assets.xcassets */ = {isa = PBXFileReference; lastKnownFileType = folder.assetcatalog; path = Assets.xcassets; sourceTree = "<group>"; };
		14A58C892646A77800AD6CFB /* Base */ = {isa = PBXFileReference; lastKnownFileType = file.storyboard; name = Base; path = Base.lproj/LaunchScreen.storyboard; sourceTree = "<group>"; };
		14A58C8B2646A77800AD6CFB /* Info.plist */ = {isa = PBXFileReference; lastKnownFileType = text.plist.xml; path = Info.plist; sourceTree = "<group>"; };
		14A58C932646BBDA00AD6CFB /* CalculatorLogic.swift */ = {isa = PBXFileReference; lastKnownFileType = sourcecode.swift; path = CalculatorLogic.swift; sourceTree = "<group>"; };
/* End PBXFileReference section */

/* Begin PBXFrameworksBuildPhase section */
		14A58C742646A77500AD6CFB /* Frameworks */ = {
			isa = PBXFrameworksBuildPhase;
			buildActionMask = 2147483647;
			files = (
			);
			runOnlyForDeploymentPostprocessing = 0;
		};
/* End PBXFrameworksBuildPhase section */

/* Begin PBXGroup section */
		14A58C6E2646A77500AD6CFB = {
			isa = PBXGroup;
			children = (
				14A58C792646A77500AD6CFB /* Calcula */,
				14A58C782646A77500AD6CFB /* Products */,
			);
			sourceTree = "<group>";
		};
		14A58C782646A77500AD6CFB /* Products */ = {
			isa = PBXGroup;
			children = (
				14A58C772646A77500AD6CFB /* Calcula.app */,
			);
			name = Products;
			sourceTree = "<group>";
		};
		14A58C792646A77500AD6CFB /* Calcula */ = {
			isa = PBXGroup;
			children = (
				14A58C7A2646A77500AD6CFB /* AppDelegate.swift */,
				14A58C7C2646A77500AD6CFB /* SceneDelegate.swift */,
				14A58C992646BF0D00AD6CFB /* Controller */,
				14A58C972646BF0500AD6CFB /* Model */,
				14A58C9B2646BF1600AD6CFB /* View */,
				14A58C862646A77800AD6CFB /* Assets.xcassets */,
				14A58C882646A77800AD6CFB /* LaunchScreen.storyboard */,
				14A58C8B2646A77800AD6CFB /* Info.plist */,
				14A58C832646A77500AD6CFB /* Calcula.xcdatamodeld */,
			);
			path = Calcula;
			sourceTree = "<group>";
		};
		14A58C972646BF0500AD6CFB /* Model */ = {
			isa = PBXGroup;
			children = (
				14A58C932646BBDA00AD6CFB /* CalculatorLogic.swift */,
			);
			path = Model;
			sourceTree = "<group>";
		};
		14A58C992646BF0D00AD6CFB /* Controller */ = {
			isa = PBXGroup;
			children = (
				14A58C7E2646A77500AD6CFB /* CalculatorController.swift */,
				14782FFD264EEEF500DB7667 /* ScanExpressionController.swift */,
			);
			path = Controller;
			sourceTree = "<group>";
		};
		14A58C9B2646BF1600AD6CFB /* View */ = {
			isa = PBXGroup;
			children = (
				14A58C802646A77500AD6CFB /* Main.storyboard */,
			);
			path = View;
			sourceTree = "<group>";
		};
/* End PBXGroup section */

/* Begin PBXNativeTarget section */
		14A58C762646A77500AD6CFB /* Calcula */ = {
			isa = PBXNativeTarget;
			buildConfigurationList = 14A58C8E2646A77800AD6CFB /* Build configuration list for PBXNativeTarget "Calcula" */;
			buildPhases = (
				14A58C732646A77500AD6CFB /* Sources */,
				14A58C742646A77500AD6CFB /* Frameworks */,
				14A58C752646A77500AD6CFB /* Resources */,
			);
			buildRules = (
			);
			dependencies = (
			);
			name = Calcula;
			productName = Calcula;
			productReference = 14A58C772646A77500AD6CFB /* Calcula.app */;
			productType = "com.apple.product-type.application";
		};
/* End PBXNativeTarget section */

/* Begin PBXProject section */
		14A58C6F2646A77500AD6CFB /* Project object */ = {
			isa = PBXProject;
			attributes = {
				LastSwiftUpdateCheck = 1240;
				LastUpgradeCheck = 1240;
				TargetAttributes = {
					14A58C762646A77500AD6CFB = {
						CreatedOnToolsVersion = 12.4;
					};
				};
			};
			buildConfigurationList = 14A58C722646A77500AD6CFB /* Build configuration list for PBXProject "Calcula" */;
			compatibilityVersion = "Xcode 9.3";
			developmentRegion = en;
			hasScannedForEncodings = 0;
			knownRegions = (
				en,
				Base,
			);
			mainGroup = 14A58C6E2646A77500AD6CFB;
			productRefGroup = 14A58C782646A77500AD6CFB /* Products */;
			projectDirPath = "";
			projectRoot = "";
			targets = (
				14A58C762646A77500AD6CFB /* Calcula */,
			);
		};
/* End PBXProject section */

/* Begin PBXResourcesBuildPhase section */
		14A58C752646A77500AD6CFB /* Resources */ = {
			isa = PBXResourcesBuildPhase;
			buildActionMask = 2147483647;
			files = (
				14A58C8A2646A77800AD6CFB /* LaunchScreen.storyboard in Resources */,
				14A58C872646A77800AD6CFB /* Assets.xcassets in Resources */,
				14A58C822646A77500AD6CFB /* Main.storyboard in Resources */,
			);
			runOnlyForDeploymentPostprocessing = 0;
		};
/* End PBXResourcesBuildPhase section */

/* Begin PBXSourcesBuildPhase section */
		14A58C732646A77500AD6CFB /* Sources */ = {
			isa = PBXSourcesBuildPhase;
			buildActionMask = 2147483647;
			files = (
				14A58C7F2646A77500AD6CFB /* CalculatorController.swift in Sources */,
				14A58C852646A77500AD6CFB /* Calcula.xcdatamodeld in Sources */,
				14A58C942646BBDA00AD6CFB /* CalculatorLogic.swift in Sources */,
				14A58C7B2646A77500AD6CFB /* AppDelegate.swift in Sources */,
				14782FFE264EEEF500DB7667 /* ScanExpressionController.swift in Sources */,
				14A58C7D2646A77500AD6CFB /* SceneDelegate.swift in Sources */,
			);
			runOnlyForDeploymentPostprocessing = 0;
		};
/* End PBXSourcesBuildPhase section */

/* Begin PBXVariantGroup section */
		14A58C802646A77500AD6CFB /* Main.storyboard */ = {
			isa = PBXVariantGroup;
			children = (
				14A58C812646A77500AD6CFB /* Base */,
			);
			name = Main.storyboard;
			sourceTree = "<group>";
		};
		14A58C882646A77800AD6CFB /* LaunchScreen.storyboard */ = {
			isa = PBXVariantGroup;
			children = (
				14A58C892646A77800AD6CFB /* Base */,
			);
			name = LaunchScreen.storyboard;
			sourceTree = "<group>";
		};
/* End PBXVariantGroup section */

/* Begin XCBuildConfiguration section */
		14A58C8C2646A77800AD6CFB /* Debug */ = {
			isa = XCBuildConfiguration;
			buildSettings = {
				ALWAYS_SEARCH_USER_PATHS = NO;
				CLANG_ANALYZER_NONNULL = YES;
				CLANG_ANALYZER_NUMBER_OBJECT_CONVERSION = YES_AGGRESSIVE;
				CLANG_CXX_LANGUAGE_STANDARD = "gnu++14";
				CLANG_CXX_LIBRARY = "libc++";
				CLANG_ENABLE_MODULES = YES;
				CLANG_ENABLE_OBJC_ARC = YES;
				CLANG_ENABLE_OBJC_WEAK = YES;
				CLANG_WARN_BLOCK_CAPTURE_AUTORELEASING = YES;
				CLANG_WARN_BOOL_CONVERSION = YES;
				CLANG_WARN_COMMA = YES;
				CLANG_WARN_CONSTANT_CONVERSION = YES;
				CLANG_WARN_DEPRECATED_OBJC_IMPLEMENTATIONS = YES;
				CLANG_WARN_DIRECT_OBJC_ISA_USAGE = YES_ERROR;
				CLANG_WARN_DOCUMENTATION_COMMENTS = YES;
				CLANG_WARN_EMPTY_BODY = YES;
				CLANG_WARN_ENUM_CONVERSION = YES;
				CLANG_WARN_INFINITE_RECURSION = YES;
				CLANG_WARN_INT_CONVERSION = YES;
				CLANG_WARN_NON_LITERAL_NULL_CONVERSION = YES;
				CLANG_WARN_OBJC_IMPLICIT_RETAIN_SELF = YES;
				CLANG_WARN_OBJC_LITERAL_CONVERSION = YES;
				CLANG_WARN_OBJC_ROOT_CLASS = YES_ERROR;
				CLANG_WARN_QUOTED_INCLUDE_IN_FRAMEWORK_HEADER = YES;
				CLANG_WARN_RANGE_LOOP_ANALYSIS = YES;
				CLANG_WARN_STRICT_PROTOTYPES = YES;
				CLANG_WARN_SUSPICIOUS_MOVE = YES;
				CLANG_WARN_UNGUARDED_AVAILABILITY = YES_AGGRESSIVE;
				CLANG_WARN_UNREACHABLE_CODE = YES;
				CLANG_WARN__DUPLICATE_METHOD_MATCH = YES;
				COPY_PHASE_STRIP = NO;
				DEBUG_INFORMATION_FORMAT = dwarf;
				ENABLE_STRICT_OBJC_MSGSEND = YES;
				ENABLE_TESTABILITY = YES;
				GCC_C_LANGUAGE_STANDARD = gnu11;
				GCC_DYNAMIC_NO_PIC = NO;
				GCC_NO_COMMON_BLOCKS = YES;
				GCC_OPTIMIZATION_LEVEL = 0;
				GCC_PREPROCESSOR_DEFINITIONS = (
					"DEBUG=1",
					"$(inherited)",
				);
				GCC_WARN_64_TO_32_BIT_CONVERSION = YES;
				GCC_WARN_ABOUT_RETURN_TYPE = YES_ERROR;
				GCC_WARN_UNDECLARED_SELECTOR = YES;
				GCC_WARN_UNINITIALIZED_AUTOS = YES_AGGRESSIVE;
				GCC_WARN_UNUSED_FUNCTION = YES;
				GCC_WARN_UNUSED_VARIABLE = YES;
				IPHONEOS_DEPLOYMENT_TARGET = 14.4;
				MTL_ENABLE_DEBUG_INFO = INCLUDE_SOURCE;
				MTL_FAST_MATH = YES;
				ONLY_ACTIVE_ARCH = YES;
				SDKROOT = iphoneos;
				SWIFT_ACTIVE_COMPILATION_CONDITIONS = DEBUG;
				SWIFT_OPTIMIZATION_LEVEL = "-Onone";
			};
			name = Debug;
		};
		14A58C8D2646A77800AD6CFB /* Release */ = {
			isa = XCBuildConfiguration;
			buildSettings = {
				ALWAYS_SEARCH_USER_PATHS = NO;
				CLANG_ANALYZER_NONNULL = YES;
				CLANG_ANALYZER_NUMBER_OBJECT_CONVERSION = YES_AGGRESSIVE;
				CLANG_CXX_LANGUAGE_STANDARD = "gnu++14";
				CLANG_CXX_LIBRARY = "libc++";
				CLANG_ENABLE_MODULES = YES;
				CLANG_ENABLE_OBJC_ARC = YES;
				CLANG_ENABLE_OBJC_WEAK = YES;
				CLANG_WARN_BLOCK_CAPTURE_AUTORELEASING = YES;
				CLANG_WARN_BOOL_CONVERSION = YES;
				CLANG_WARN_COMMA = YES;
				CLANG_WARN_CONSTANT_CONVERSION = YES;
				CLANG_WARN_DEPRECATED_OBJC_IMPLEMENTATIONS = YES;
				CLANG_WARN_DIRECT_OBJC_ISA_USAGE = YES_ERROR;
				CLANG_WARN_DOCUMENTATION_COMMENTS = YES;
				CLANG_WARN_EMPTY_BODY = YES;
				CLANG_WARN_ENUM_CONVERSION = YES;
				CLANG_WARN_INFINITE_RECURSION = YES;
				CLANG_WARN_INT_CONVERSION = YES;
				CLANG_WARN_NON_LITERAL_NULL_CONVERSION = YES;
				CLANG_WARN_OBJC_IMPLICIT_RETAIN_SELF = YES;
				CLANG_WARN_OBJC_LITERAL_CONVERSION = YES;
				CLANG_WARN_OBJC_ROOT_CLASS = YES_ERROR;
				CLANG_WARN_QUOTED_INCLUDE_IN_FRAMEWORK_HEADER = YES;
				CLANG_WARN_RANGE_LOOP_ANALYSIS = YES;
				CLANG_WARN_STRICT_PROTOTYPES = YES;
				CLANG_WARN_SUSPICIOUS_MOVE = YES;
				CLANG_WARN_UNGUARDED_AVAILABILITY = YES_AGGRESSIVE;
				CLANG_WARN_UNREACHABLE_CODE = YES;
				CLANG_WARN__DUPLICATE_METHOD_MATCH = YES;
				COPY_PHASE_STRIP = NO;
				DEBUG_INFORMATION_FORMAT = "dwarf-with-dsym";
				ENABLE_NS_ASSERTIONS = NO;
				ENABLE_STRICT_OBJC_MSGSEND = YES;
				GCC_C_LANGUAGE_STANDARD = gnu11;
				GCC_NO_COMMON_BLOCKS = YES;
				GCC_WARN_64_TO_32_BIT_CONVERSION = YES;
				GCC_WARN_ABOUT_RETURN_TYPE = YES_ERROR;
				GCC_WARN_UNDECLARED_SELECTOR = YES;
				GCC_WARN_UNINITIALIZED_AUTOS = YES_AGGRESSIVE;
				GCC_WARN_UNUSED_FUNCTION = YES;
				GCC_WARN_UNUSED_VARIABLE = YES;
				IPHONEOS_DEPLOYMENT_TARGET = 14.4;
				MTL_ENABLE_DEBUG_INFO = NO;
				MTL_FAST_MATH = YES;
				SDKROOT = iphoneos;
				SWIFT_COMPILATION_MODE = wholemodule;
				SWIFT_OPTIMIZATION_LEVEL = "-O";
				VALIDATE_PRODUCT = YES;
			};
			name = Release;
		};
		14A58C8F2646A77800AD6CFB /* Debug */ = {
			isa = XCBuildConfiguration;
			buildSettings = {
				ASSETCATALOG_COMPILER_APPICON_NAME = AppIcon;
				ASSETCATALOG_COMPILER_GLOBAL_ACCENT_COLOR_NAME = AccentColor;
				CODE_SIGN_STYLE = Automatic;
				DEVELOPMENT_TEAM = WBV94JKTLL;
				INFOPLIST_FILE = Calcula/Info.plist;
				IPHONEOS_DEPLOYMENT_TARGET = 14.5;
				LD_RUNPATH_SEARCH_PATHS = (
					"$(inherited)",
					"@executable_path/Frameworks",
				);
				PRODUCT_BUNDLE_IDENTIFIER = com.deep.Calcula;
				PRODUCT_NAME = "$(TARGET_NAME)";
				SWIFT_VERSION = 5.0;
				TARGETED_DEVICE_FAMILY = "1,2";
			};
			name = Debug;
		};
		14A58C902646A77800AD6CFB /* Release */ = {
			isa = XCBuildConfiguration;
			buildSettings = {
				ASSETCATALOG_COMPILER_APPICON_NAME = AppIcon;
				ASSETCATALOG_COMPILER_GLOBAL_ACCENT_COLOR_NAME = AccentColor;
				CODE_SIGN_STYLE = Automatic;
				DEVELOPMENT_TEAM = WBV94JKTLL;
				INFOPLIST_FILE = Calcula/Info.plist;
				IPHONEOS_DEPLOYMENT_TARGET = 14.5;
				LD_RUNPATH_SEARCH_PATHS = (
					"$(inherited)",
					"@executable_path/Frameworks",
				);
				PRODUCT_BUNDLE_IDENTIFIER = com.deep.Calcula;
				PRODUCT_NAME = "$(TARGET_NAME)";
				SWIFT_VERSION = 5.0;
				TARGETED_DEVICE_FAMILY = "1,2";
			};
			name = Release;
		};
/* End XCBuildConfiguration section */

/* Begin XCConfigurationList section */
		14A58C722646A77500AD6CFB /* Build configuration list for PBXProject "Calcula" */ = {
			isa = XCConfigurationList;
			buildConfigurations = (
				14A58C8C2646A77800AD6CFB /* Debug */,
				14A58C8D2646A77800AD6CFB /* Release */,
			);
			defaultConfigurationIsVisible = 0;
			defaultConfigurationName = Release;
		};
		14A58C8E2646A77800AD6CFB /* Build configuration list for PBXNativeTarget "Calcula" */ = {
			isa = XCConfigurationList;
			buildConfigurations = (
				14A58C8F2646A77800AD6CFB /* Debug */,
				14A58C902646A77800AD6CFB /* Release */,
			);
			defaultConfigurationIsVisible = 0;
			defaultConfigurationName = Release;
		};
/* End XCConfigurationList section */

/* Begin XCVersionGroup section */
		14A58C832646A77500AD6CFB /* Calcula.xcdatamodeld */ = {
			isa = XCVersionGroup;
			children = (
				14A58C842646A77500AD6CFB /* Calcula.xcdatamodel */,
			);
			currentVersion = 14A58C842646A77500AD6CFB /* Calcula.xcdatamodel */;
			path = Calcula.xcdatamodeld;
			sourceTree = "<group>";
			versionGroupType = wrapper.xcdatamodel;
		};
/* End XCVersionGroup section */
	};
	rootObject = 14A58C6F2646A77500AD6CFB /* Project object */;
}
